
Microsoft Visual Studio Solution File, Format Version 12.00
# Visual Studio Version 17
VisualStudioVersion = 17.14.36414.22 d17.14
MinimumVisualStudioVersion = 10.0.40219.1
Project("{FAE04EC0-301F-11D3-BF4B-00C04F79EFBC}") = "ClientSide", "ClientSide\ClientSide.csproj", "{5D5BFCB2-ECDD-4ED7-A0CA-676302490FEF}"
EndProject
Project("{FAE04EC0-301F-11D3-BF4B-00C04F79EFBC}") = "Currency", "Currency\Currency.csproj", "{F8ED05CA-1B00-4ECD-A4C2-EEBAF0C7670A}"
EndProject
Global
	GlobalSection(SolutionConfigurationPlatforms) = preSolution
		Debug|Any CPU = Debug|Any CPU
		Release|Any CPU = Release|Any CPU
	EndGlobalSection
	GlobalSection(ProjectConfigurationPlatforms) = postSolution
		{5D5BFCB2-ECDD-4ED7-A0CA-676302490FEF}.Debug|Any CPU.ActiveCfg = Debug|Any CPU
		{5D5BFCB2-ECDD-4ED7-A0CA-676302490FEF}.Debug|Any CPU.Build.0 = Debug|Any CPU
		{5D5BFCB2-ECDD-4ED7-A0CA-676302490FEF}.Release|Any CPU.ActiveCfg = Release|Any CPU
		{5D5BFCB2-ECDD-4ED7-A0CA-676302490FEF}.Release|Any CPU.Build.0 = Release|Any CPU
		{F8ED05CA-1B00-4ECD-A4C2-EEBAF0C7670A}.Debug|Any CPU.ActiveCfg = Debug|Any CPU
		{F8ED05CA-1B00-4ECD-A4C2-EEBAF0C7670A}.Debug|Any CPU.Build.0 = Debug|Any CPU
		{F8ED05CA-1B00-4ECD-A4C2-EEBAF0C7670A}.Release|Any CPU.ActiveCfg = Release|Any CPU
		{F8ED05CA-1B00-4ECD-A4C2-EEBAF0C7670A}.Release|Any CPU.Build.0 = Release|Any CPU
	EndGlobalSection
	GlobalSection(SolutionProperties) = preSolution
		HideSolutionNode = FALSE
	EndGlobalSection
	GlobalSection(ExtensibilityGlobals) = postSolution
		SolutionGuid = {FEAC8B67-B789-4A59-AE94-C3513CBA14BD}
	EndGlobalSection
EndGlobal
